
Microsoft Visual Studio Solution File, Format Version 12.00
# Visual Studio Version 17
VisualStudioVersion = 17.6.33815.320
MinimumVisualStudioVersion = 10.0.40219.1
Project("{FAE04EC0-301F-11D3-BF4B-00C04F79EFBC}") = "Sesion5_1", "Sesion5_1\Sesion5_1.csproj", "{AE29921F-7C72-47EB-B966-0D0B1E625093}"
EndProject
Global
	GlobalSection(SolutionConfigurationPlatforms) = preSolution
		Debug|Any CPU = Debug|Any CPU
		Release|Any CPU = Release|Any CPU
	EndGlobalSection
	GlobalSection(ProjectConfigurationPlatforms) = postSolution
		{AE29921F-7C72-47EB-B966-0D0B1E625093}.Debug|Any CPU.ActiveCfg = Debug|Any CPU
		{AE29921F-7C72-47EB-B966-0D0B1E625093}.Debug|Any CPU.Build.0 = Debug|Any CPU
		{AE29921F-7C72-47EB-B966-0D0B1E625093}.Release|Any CPU.ActiveCfg = Release|Any CPU
		{AE29921F-7C72-47EB-B966-0D0B1E625093}.Release|Any CPU.Build.0 = Release|Any CPU
	EndGlobalSection
	GlobalSection(SolutionProperties) = preSolution
		HideSolutionNode = FALSE
	EndGlobalSection
	GlobalSection(ExtensibilityGlobals) = postSolution
		SolutionGuid = {31BF6BFF-8BE9-4744-98DA-08AAFCD4DD02}
	EndGlobalSection
EndGlobal
